
Microsoft Visual Studio Solution File, Format Version 12.00
# Visual Studio 15
VisualStudioVersion = 15.0.27130.2027
MinimumVisualStudioVersion = 10.0.40219.1
Project("{FAE04EC0-301F-11D3-BF4B-00C04F79EFBC}") = "HerosVersusMonsters", "HerosVersusMonsters\HerosVersusMonsters.csproj", "{2DC0F561-6F90-48D7-B4D1-1AF0D38EAC64}"
EndProject
Project("{FAE04EC0-301F-11D3-BF4B-00C04F79EFBC}") = "HerosVersusMonsters.Library", "HerosVersusMonsters.Library\HerosVersusMonsters.Library.csproj", "{58D65301-0748-46AC-A1D2-3E3AB8A48C54}"
EndProject
Project("{FAE04EC0-301F-11D3-BF4B-00C04F79EFBC}") = "HeroVersusMonsters.Library.Tests", "HeroVersusMonsters.Library.Tests\HeroVersusMonsters.Library.Tests.csproj", "{58F32F97-BDCA-45CC-BB86-AB4FF17F3469}"
EndProject
Global
	GlobalSection(SolutionConfigurationPlatforms) = preSolution
		Debug|Any CPU = Debug|Any CPU
		Debug|ARM = Debug|ARM
		Debug|x64 = Debug|x64
		Debug|x86 = Debug|x86
		Release|Any CPU = Release|Any CPU
		Release|ARM = Release|ARM
		Release|x64 = Release|x64
		Release|x86 = Release|x86
	EndGlobalSection
	GlobalSection(ProjectConfigurationPlatforms) = postSolution
		{2DC0F561-6F90-48D7-B4D1-1AF0D38EAC64}.Debug|Any CPU.ActiveCfg = Debug|x86
		{2DC0F561-6F90-48D7-B4D1-1AF0D38EAC64}.Debug|ARM.ActiveCfg = Debug|ARM
		{2DC0F561-6F90-48D7-B4D1-1AF0D38EAC64}.Debug|ARM.Build.0 = Debug|ARM
		{2DC0F561-6F90-48D7-B4D1-1AF0D38EAC64}.Debug|ARM.Deploy.0 = Debug|ARM
		{2DC0F561-6F90-48D7-B4D1-1AF0D38EAC64}.Debug|x64.ActiveCfg = Debug|x64
		{2DC0F561-6F90-48D7-B4D1-1AF0D38EAC64}.Debug|x64.Build.0 = Debug|x64
		{2DC0F561-6F90-48D7-B4D1-1AF0D38EAC64}.Debug|x64.Deploy.0 = Debug|x64
		{2DC0F561-6F90-48D7-B4D1-1AF0D38EAC64}.Debug|x86.ActiveCfg = Debug|x86
		{2DC0F561-6F90-48D7-B4D1-1AF0D38EAC64}.Debug|x86.Build.0 = Debug|x86
		{2DC0F561-6F90-48D7-B4D1-1AF0D38EAC64}.Debug|x86.Deploy.0 = Debug|x86
		{2DC0F561-6F90-48D7-B4D1-1AF0D38EAC64}.Release|Any CPU.ActiveCfg = Release|x86
		{2DC0F561-6F90-48D7-B4D1-1AF0D38EAC64}.Release|ARM.ActiveCfg = Release|ARM
		{2DC0F561-6F90-48D7-B4D1-1AF0D38EAC64}.Release|ARM.Build.0 = Release|ARM
		{2DC0F561-6F90-48D7-B4D1-1AF0D38EAC64}.Release|ARM.Deploy.0 = Release|ARM
		{2DC0F561-6F90-48D7-B4D1-1AF0D38EAC64}.Release|x64.ActiveCfg = Release|x64
		{2DC0F561-6F90-48D7-B4D1-1AF0D38EAC64}.Release|x64.Build.0 = Release|x64
		{2DC0F561-6F90-48D7-B4D1-1AF0D38EAC64}.Release|x64.Deploy.0 = Release|x64
		{2DC0F561-6F90-48D7-B4D1-1AF0D38EAC64}.Release|x86.ActiveCfg = Release|x86
		{2DC0F561-6F90-48D7-B4D1-1AF0D38EAC64}.Release|x86.Build.0 = Release|x86
		{2DC0F561-6F90-48D7-B4D1-1AF0D38EAC64}.Release|x86.Deploy.0 = Release|x86
		{58D65301-0748-46AC-A1D2-3E3AB8A48C54}.Debug|Any CPU.ActiveCfg = Debug|Any CPU
		{58D65301-0748-46AC-A1D2-3E3AB8A48C54}.Debug|Any CPU.Build.0 = Debug|Any CPU
		{58D65301-0748-46AC-A1D2-3E3AB8A48C54}.Debug|ARM.ActiveCfg = Debug|Any CPU
		{58D65301-0748-46AC-A1D2-3E3AB8A48C54}.Debug|ARM.Build.0 = Debug|Any CPU
		{58D65301-0748-46AC-A1D2-3E3AB8A48C54}.Debug|x64.ActiveCfg = Debug|Any CPU
		{58D65301-0748-46AC-A1D2-3E3AB8A48C54}.Debug|x64.Build.0 = Debug|Any CPU
		{58D65301-0748-46AC-A1D2-3E3AB8A48C54}.Debug|x86.ActiveCfg = Debug|Any CPU
		{58D65301-0748-46AC-A1D2-3E3AB8A48C54}.Debug|x86.Build.0 = Debug|Any CPU
		{58D65301-0748-46AC-A1D2-3E3AB8A48C54}.Release|Any CPU.ActiveCfg = Release|Any CPU
		{58D65301-0748-46AC-A1D2-3E3AB8A48C54}.Release|Any CPU.Build.0 = Release|Any CPU
		{58D65301-0748-46AC-A1D2-3E3AB8A48C54}.Release|ARM.ActiveCfg = Release|Any CPU
		{58D65301-0748-46AC-A1D2-3E3AB8A48C54}.Release|ARM.Build.0 = Release|Any CPU
		{58D65301-0748-46AC-A1D2-3E3AB8A48C54}.Release|x64.ActiveCfg = Release|Any CPU
		{58D65301-0748-46AC-A1D2-3E3AB8A48C54}.Release|x64.Build.0 = Release|Any CPU
		{58D65301-0748-46AC-A1D2-3E3AB8A48C54}.Release|x86.ActiveCfg = Release|Any CPU
		{58D65301-0748-46AC-A1D2-3E3AB8A48C54}.Release|x86.Build.0 = Release|Any CPU
		{58F32F97-BDCA-45CC-BB86-AB4FF17F3469}.Debug|Any CPU.ActiveCfg = Debug|Any CPU
		{58F32F97-BDCA-45CC-BB86-AB4FF17F3469}.Debug|Any CPU.Build.0 = Debug|Any CPU
		{58F32F97-BDCA-45CC-BB86-AB4FF17F3469}.Debug|ARM.ActiveCfg = Debug|Any CPU
		{58F32F97-BDCA-45CC-BB86-AB4FF17F3469}.Debug|ARM.Build.0 = Debug|Any CPU
		{58F32F97-BDCA-45CC-BB86-AB4FF17F3469}.Debug|x64.ActiveCfg = Debug|Any CPU
		{58F32F97-BDCA-45CC-BB86-AB4FF17F3469}.Debug|x64.Build.0 = Debug|Any CPU
		{58F32F97-BDCA-45CC-BB86-AB4FF17F3469}.Debug|x86.ActiveCfg = Debug|Any CPU
		{58F32F97-BDCA-45CC-BB86-AB4FF17F3469}.Debug|x86.Build.0 = Debug|Any CPU
		{58F32F97-BDCA-45CC-BB86-AB4FF17F3469}.Release|Any CPU.ActiveCfg = Release|Any CPU
		{58F32F97-BDCA-45CC-BB86-AB4FF17F3469}.Release|Any CPU.Build.0 = Release|Any CPU
		{58F32F97-BDCA-45CC-BB86-AB4FF17F3469}.Release|ARM.ActiveCfg = Release|Any CPU
		{58F32F97-BDCA-45CC-BB86-AB4FF17F3469}.Release|ARM.Build.0 = Release|Any CPU
		{58F32F97-BDCA-45CC-BB86-AB4FF17F3469}.Release|x64.ActiveCfg = Release|Any CPU
		{58F32F97-BDCA-45CC-BB86-AB4FF17F3469}.Release|x64.Build.0 = Release|Any CPU
		{58F32F97-BDCA-45CC-BB86-AB4FF17F3469}.Release|x86.ActiveCfg = Release|Any CPU
		{58F32F97-BDCA-45CC-BB86-AB4FF17F3469}.Release|x86.Build.0 = Release|Any CPU
	EndGlobalSection
	GlobalSection(SolutionProperties) = preSolution
		HideSolutionNode = FALSE
	EndGlobalSection
	GlobalSection(ExtensibilityGlobals) = postSolution
		SolutionGuid = {04BAAF6D-629D-4E15-81C1-31F3F7524614}
	EndGlobalSection
EndGlobal
